
Microsoft Visual Studio Solution File, Format Version 12.00
# Visual Studio Version 17
VisualStudioVersion = 17.9.34728.123
MinimumVisualStudioVersion = 10.0.40219.1
Project("{FAE04EC0-301F-11D3-BF4B-00C04F79EFBC}") = "BitsApp.API", "BitsApp.API.csproj", "{8EF121C2-086C-4E23-AFB4-45A96F4B821F}"
EndProject
Project("{FAE04EC0-301F-11D3-BF4B-00C04F79EFBC}") = "BitsApp.DataAccess", "..\BitsApp.DataAccess\BitsApp.DataAccess.csproj", "{4769FB38-241F-476A-9011-7EC26BA6CBE9}"
EndProject
Project("{FAE04EC0-301F-11D3-BF4B-00C04F79EFBC}") = "BitsApp.Core", "..\BitsApp.Core\BitsApp.Core.csproj", "{8D23277D-1915-45F8-9D13-69CE0BC8E7C5}"
EndProject
Project("{FAE04EC0-301F-11D3-BF4B-00C04F79EFBC}") = "BitsApp.Application", "..\BitsApp.Application\BitsApp.Application.csproj", "{E9E62834-D9F8-4D7E-B502-81603FB0B8BF}"
EndProject
Global
	GlobalSection(SolutionConfigurationPlatforms) = preSolution
		Debug|Any CPU = Debug|Any CPU
		Release|Any CPU = Release|Any CPU
	EndGlobalSection
	GlobalSection(ProjectConfigurationPlatforms) = postSolution
		{8EF121C2-086C-4E23-AFB4-45A96F4B821F}.Debug|Any CPU.ActiveCfg = Debug|Any CPU
		{8EF121C2-086C-4E23-AFB4-45A96F4B821F}.Debug|Any CPU.Build.0 = Debug|Any CPU
		{8EF121C2-086C-4E23-AFB4-45A96F4B821F}.Release|Any CPU.ActiveCfg = Release|Any CPU
		{8EF121C2-086C-4E23-AFB4-45A96F4B821F}.Release|Any CPU.Build.0 = Release|Any CPU
		{4769FB38-241F-476A-9011-7EC26BA6CBE9}.Debug|Any CPU.ActiveCfg = Debug|Any CPU
		{4769FB38-241F-476A-9011-7EC26BA6CBE9}.Debug|Any CPU.Build.0 = Debug|Any CPU
		{4769FB38-241F-476A-9011-7EC26BA6CBE9}.Release|Any CPU.ActiveCfg = Release|Any CPU
		{4769FB38-241F-476A-9011-7EC26BA6CBE9}.Release|Any CPU.Build.0 = Release|Any CPU
		{8D23277D-1915-45F8-9D13-69CE0BC8E7C5}.Debug|Any CPU.ActiveCfg = Debug|Any CPU
		{8D23277D-1915-45F8-9D13-69CE0BC8E7C5}.Debug|Any CPU.Build.0 = Debug|Any CPU
		{8D23277D-1915-45F8-9D13-69CE0BC8E7C5}.Release|Any CPU.ActiveCfg = Release|Any CPU
		{8D23277D-1915-45F8-9D13-69CE0BC8E7C5}.Release|Any CPU.Build.0 = Release|Any CPU
		{E9E62834-D9F8-4D7E-B502-81603FB0B8BF}.Debug|Any CPU.ActiveCfg = Debug|Any CPU
		{E9E62834-D9F8-4D7E-B502-81603FB0B8BF}.Debug|Any CPU.Build.0 = Debug|Any CPU
		{E9E62834-D9F8-4D7E-B502-81603FB0B8BF}.Release|Any CPU.ActiveCfg = Release|Any CPU
		{E9E62834-D9F8-4D7E-B502-81603FB0B8BF}.Release|Any CPU.Build.0 = Release|Any CPU
	EndGlobalSection
	GlobalSection(SolutionProperties) = preSolution
		HideSolutionNode = FALSE
	EndGlobalSection
	GlobalSection(ExtensibilityGlobals) = postSolution
		SolutionGuid = {8721041C-1F75-481D-8417-50B011C9944F}
	EndGlobalSection
EndGlobal
